
Microsoft Visual Studio Solution File, Format Version 12.00
# Visual Studio 2013
VisualStudioVersion = 12.0.21005.1
MinimumVisualStudioVersion = 10.0.40219.1
Project("{FAE04EC0-301F-11D3-BF4B-00C04F79EFBC}") = "PowerSurvey", "PowerSurvey\PowerSurvey.csproj", "{DDC80BB8-E790-4A6B-ADCC-1967C24AB26B}"
EndProject
Project("{FAE04EC0-301F-11D3-BF4B-00C04F79EFBC}") = "PowerSurvey.Tests", "..\..\..\Dropbox\Documents\Visual Studio 2013\Projects\PowerSurvey\PowerSurvey.Tests\PowerSurvey.Tests.csproj", "{33DA025B-5A69-4549-A528-7855F32B35F3}"
EndProject
Global
	GlobalSection(SolutionConfigurationPlatforms) = preSolution
		Debug|Any CPU = Debug|Any CPU
		Release|Any CPU = Release|Any CPU
	EndGlobalSection
	GlobalSection(ProjectConfigurationPlatforms) = postSolution
		{DDC80BB8-E790-4A6B-ADCC-1967C24AB26B}.Debug|Any CPU.ActiveCfg = Debug|Any CPU
		{DDC80BB8-E790-4A6B-ADCC-1967C24AB26B}.Debug|Any CPU.Build.0 = Debug|Any CPU
		{DDC80BB8-E790-4A6B-ADCC-1967C24AB26B}.Release|Any CPU.ActiveCfg = Release|Any CPU
		{DDC80BB8-E790-4A6B-ADCC-1967C24AB26B}.Release|Any CPU.Build.0 = Release|Any CPU
		{33DA025B-5A69-4549-A528-7855F32B35F3}.Debug|Any CPU.ActiveCfg = Debug|Any CPU
		{33DA025B-5A69-4549-A528-7855F32B35F3}.Debug|Any CPU.Build.0 = Debug|Any CPU
		{33DA025B-5A69-4549-A528-7855F32B35F3}.Release|Any CPU.ActiveCfg = Release|Any CPU
		{33DA025B-5A69-4549-A528-7855F32B35F3}.Release|Any CPU.Build.0 = Release|Any CPU
	EndGlobalSection
	GlobalSection(SolutionProperties) = preSolution
		HideSolutionNode = FALSE
	EndGlobalSection
EndGlobal
